
Microsoft Visual Studio Solution File, Format Version 12.00
# Visual Studio 15
Project("{FAE04EC0-301F-11D3-BF4B-00C04F79EFBC}") = "UnityEngine.TestRunner", "UnityEngine.TestRunner.csproj", "{E326D981-EA23-BF5F-E829-148E8A09CBA4}"
EndProject
Project("{FAE04EC0-301F-11D3-BF4B-00C04F79EFBC}") = "Unity.Mathematics", "Unity.Mathematics.csproj", "{63114B83-385F-A285-2575-E261584FC70B}"
EndProject
Project("{FAE04EC0-301F-11D3-BF4B-00C04F79EFBC}") = "Unity.Timeline", "Unity.Timeline.csproj", "{D11FF735-E11B-9121-4586-18A87570C8D4}"
EndProject
Project("{FAE04EC0-301F-11D3-BF4B-00C04F79EFBC}") = "Assembly-CSharp", "Assembly-CSharp.csproj", "{75176A60-F5BB-6316-2185-BB6F7984AE4A}"
EndProject
Project("{FAE04EC0-301F-11D3-BF4B-00C04F79EFBC}") = "UnityEngine.UI", "UnityEngine.UI.csproj", "{C9029C57-B73D-1951-46E6-52434035B614}"
EndProject
Project("{FAE04EC0-301F-11D3-BF4B-00C04F79EFBC}") = "Unity.TextMeshPro", "Unity.TextMeshPro.csproj", "{A1BA7B7C-6837-5630-2F17-43874DFFFDF7}"
EndProject
Project("{FAE04EC0-301F-11D3-BF4B-00C04F79EFBC}") = "Unity.Burst", "Unity.Burst.csproj", "{F66EA543-1F8D-58DD-561F-DD7DC9F1B5B0}"
EndProject
Project("{FAE04EC0-301F-11D3-BF4B-00C04F79EFBC}") = "Lasp.Runtime", "Lasp.Runtime.csproj", "{FF2EB5AA-24C7-B52F-8326-7176B28B45D9}"
EndProject
Project("{FAE04EC0-301F-11D3-BF4B-00C04F79EFBC}") = "SoundIO.Runtime", "SoundIO.Runtime.csproj", "{D9630D08-7FEF-66D4-33E2-3059BEF2970C}"
EndProject
Project("{FAE04EC0-301F-11D3-BF4B-00C04F79EFBC}") = "UnityEditor.TestRunner", "UnityEditor.TestRunner.csproj", "{AC403B0D-D41A-B388-645D-6E3D74DF05F3}"
EndProject
Project("{FAE04EC0-301F-11D3-BF4B-00C04F79EFBC}") = "Unity.PlasticSCM.Editor", "Unity.PlasticSCM.Editor.csproj", "{9ED083F7-3E02-8C23-AC99-7124829807F8}"
EndProject
Project("{FAE04EC0-301F-11D3-BF4B-00C04F79EFBC}") = "UnityEditor.UI", "UnityEditor.UI.csproj", "{EA529C71-99D9-CFF6-4839-D3CEC20DF28E}"
EndProject
Project("{FAE04EC0-301F-11D3-BF4B-00C04F79EFBC}") = "Unity.Services.Core.Editor", "Unity.Services.Core.Editor.csproj", "{B8EA939D-573C-E318-5CF7-91B082730D27}"
EndProject
Project("{FAE04EC0-301F-11D3-BF4B-00C04F79EFBC}") = "Unity.Timeline.Editor", "Unity.Timeline.Editor.csproj", "{EC9425E9-F964-001F-891D-AAAEA0EE04DF}"
EndProject
Project("{FAE04EC0-301F-11D3-BF4B-00C04F79EFBC}") = "Unity.VisualStudio.Editor", "Unity.VisualStudio.Editor.csproj", "{0A523FB0-0961-8DB1-C444-1CE62C7D0459}"
EndProject
Project("{FAE04EC0-301F-11D3-BF4B-00C04F79EFBC}") = "Assembly-CSharp-Editor", "Assembly-CSharp-Editor.csproj", "{3694049D-0679-119C-3E8D-B9EEB98B21CD}"
EndProject
Project("{FAE04EC0-301F-11D3-BF4B-00C04F79EFBC}") = "Unity.TextMeshPro.Editor", "Unity.TextMeshPro.Editor.csproj", "{CEB50B70-12FD-8582-C5CC-FBCE3D1CCB5C}"
EndProject
Project("{FAE04EC0-301F-11D3-BF4B-00C04F79EFBC}") = "Unity.CollabProxy.Editor", "Unity.CollabProxy.Editor.csproj", "{4206F498-78FF-E2D5-7BB9-84A5A5985C25}"
EndProject
Project("{FAE04EC0-301F-11D3-BF4B-00C04F79EFBC}") = "Lasp.Editor", "Lasp.Editor.csproj", "{5E9429B2-FED7-3A39-02B7-D8E9B9F22DA4}"
EndProject
Project("{FAE04EC0-301F-11D3-BF4B-00C04F79EFBC}") = "Unity.Rider.Editor", "Unity.Rider.Editor.csproj", "{D458E781-FCA0-1ED9-C652-71F832416115}"
EndProject
Project("{FAE04EC0-301F-11D3-BF4B-00C04F79EFBC}") = "Unity.Burst.Editor", "Unity.Burst.Editor.csproj", "{ED44BF03-13FF-4069-4714-D9B5D8F23344}"
EndProject
Project("{FAE04EC0-301F-11D3-BF4B-00C04F79EFBC}") = "Unity.VSCode.Editor", "Unity.VSCode.Editor.csproj", "{976B1D95-8EF8-1A28-2EC1-52FBED6E7BF1}"
EndProject
Project("{FAE04EC0-301F-11D3-BF4B-00C04F79EFBC}") = "Unity.Mathematics.Editor", "Unity.Mathematics.Editor.csproj", "{DA5CD882-3A28-181C-F46A-BB2B12D37E6A}"
EndProject
Project("{FAE04EC0-301F-11D3-BF4B-00C04F79EFBC}") = "UnityEngine.TestRunner", "UnityEngine.TestRunner.Player.csproj", "{83AE4556-0526-546E-5CD0-9469BD8733F3}"
EndProject
Project("{FAE04EC0-301F-11D3-BF4B-00C04F79EFBC}") = "Unity.Mathematics", "Unity.Mathematics.Player.csproj", "{530A1166-56A6-36F5-904E-3DC06E77EF74}"
EndProject
Project("{FAE04EC0-301F-11D3-BF4B-00C04F79EFBC}") = "Unity.Timeline", "Unity.Timeline.Player.csproj", "{A096A769-A7BE-5BBE-A5A3-698C0623D538}"
EndProject
Project("{FAE04EC0-301F-11D3-BF4B-00C04F79EFBC}") = "Assembly-CSharp", "Assembly-CSharp.Player.csproj", "{B9C6C430-FB9B-DC3E-459B-FF83D32F9D4F}"
EndProject
Project("{FAE04EC0-301F-11D3-BF4B-00C04F79EFBC}") = "UnityEngine.UI", "UnityEngine.UI.Player.csproj", "{B3A17A02-CCEE-640E-B89A-9E5DB0F1F6B8}"
EndProject
Project("{FAE04EC0-301F-11D3-BF4B-00C04F79EFBC}") = "Unity.TextMeshPro", "Unity.TextMeshPro.Player.csproj", "{D3F61A60-8D9F-DC38-E483-89C793E019C0}"
EndProject
Project("{FAE04EC0-301F-11D3-BF4B-00C04F79EFBC}") = "Unity.Burst", "Unity.Burst.Player.csproj", "{1C08F957-FEEF-84F5-D66A-C9E207E8346D}"
EndProject
Project("{FAE04EC0-301F-11D3-BF4B-00C04F79EFBC}") = "Lasp.Runtime", "Lasp.Runtime.Player.csproj", "{10ECC737-44DC-8E0B-86DF-4465D67BD70F}"
EndProject
Project("{FAE04EC0-301F-11D3-BF4B-00C04F79EFBC}") = "SoundIO.Runtime", "SoundIO.Runtime.Player.csproj", "{9A8E8E5A-5E59-B03B-71EE-0E08190AF0EF}"
EndProject
Global
	GlobalSection(SolutionConfigurationPlatforms) = preSolution
		Debug|Any CPU = Debug|Any CPU
		Release|Any CPU = Release|Any CPU
	EndGlobalSection
	GlobalSection(ProjectConfigurationPlatforms) = postSolution
		{E326D981-EA23-BF5F-E829-148E8A09CBA4}.Debug|Any CPU.ActiveCfg = Debug|Any CPU
		{E326D981-EA23-BF5F-E829-148E8A09CBA4}.Debug|Any CPU.Build.0 = Debug|Any CPU
		{E326D981-EA23-BF5F-E829-148E8A09CBA4}.Release|Any CPU.ActiveCfg = Release|Any CPU
		{E326D981-EA23-BF5F-E829-148E8A09CBA4}.Release|Any CPU.Build.0 = Release|Any CPU
		{63114B83-385F-A285-2575-E261584FC70B}.Debug|Any CPU.ActiveCfg = Debug|Any CPU
		{63114B83-385F-A285-2575-E261584FC70B}.Debug|Any CPU.Build.0 = Debug|Any CPU
		{63114B83-385F-A285-2575-E261584FC70B}.Release|Any CPU.ActiveCfg = Release|Any CPU
		{63114B83-385F-A285-2575-E261584FC70B}.Release|Any CPU.Build.0 = Release|Any CPU
		{D11FF735-E11B-9121-4586-18A87570C8D4}.Debug|Any CPU.ActiveCfg = Debug|Any CPU
		{D11FF735-E11B-9121-4586-18A87570C8D4}.Debug|Any CPU.Build.0 = Debug|Any CPU
		{D11FF735-E11B-9121-4586-18A87570C8D4}.Release|Any CPU.ActiveCfg = Release|Any CPU
		{D11FF735-E11B-9121-4586-18A87570C8D4}.Release|Any CPU.Build.0 = Release|Any CPU
		{75176A60-F5BB-6316-2185-BB6F7984AE4A}.Debug|Any CPU.ActiveCfg = Debug|Any CPU
		{75176A60-F5BB-6316-2185-BB6F7984AE4A}.Debug|Any CPU.Build.0 = Debug|Any CPU
		{75176A60-F5BB-6316-2185-BB6F7984AE4A}.Release|Any CPU.ActiveCfg = Release|Any CPU
		{75176A60-F5BB-6316-2185-BB6F7984AE4A}.Release|Any CPU.Build.0 = Release|Any CPU
		{C9029C57-B73D-1951-46E6-52434035B614}.Debug|Any CPU.ActiveCfg = Debug|Any CPU
		{C9029C57-B73D-1951-46E6-52434035B614}.Debug|Any CPU.Build.0 = Debug|Any CPU
		{C9029C57-B73D-1951-46E6-52434035B614}.Release|Any CPU.ActiveCfg = Release|Any CPU
		{C9029C57-B73D-1951-46E6-52434035B614}.Release|Any CPU.Build.0 = Release|Any CPU
		{A1BA7B7C-6837-5630-2F17-43874DFFFDF7}.Debug|Any CPU.ActiveCfg = Debug|Any CPU
		{A1BA7B7C-6837-5630-2F17-43874DFFFDF7}.Debug|Any CPU.Build.0 = Debug|Any CPU
		{A1BA7B7C-6837-5630-2F17-43874DFFFDF7}.Release|Any CPU.ActiveCfg = Release|Any CPU
		{A1BA7B7C-6837-5630-2F17-43874DFFFDF7}.Release|Any CPU.Build.0 = Release|Any CPU
		{F66EA543-1F8D-58DD-561F-DD7DC9F1B5B0}.Debug|Any CPU.ActiveCfg = Debug|Any CPU
		{F66EA543-1F8D-58DD-561F-DD7DC9F1B5B0}.Debug|Any CPU.Build.0 = Debug|Any CPU
		{F66EA543-1F8D-58DD-561F-DD7DC9F1B5B0}.Release|Any CPU.ActiveCfg = Release|Any CPU
		{F66EA543-1F8D-58DD-561F-DD7DC9F1B5B0}.Release|Any CPU.Build.0 = Release|Any CPU
		{FF2EB5AA-24C7-B52F-8326-7176B28B45D9}.Debug|Any CPU.ActiveCfg = Debug|Any CPU
		{FF2EB5AA-24C7-B52F-8326-7176B28B45D9}.Debug|Any CPU.Build.0 = Debug|Any CPU
		{FF2EB5AA-24C7-B52F-8326-7176B28B45D9}.Release|Any CPU.ActiveCfg = Release|Any CPU
		{FF2EB5AA-24C7-B52F-8326-7176B28B45D9}.Release|Any CPU.Build.0 = Release|Any CPU
		{D9630D08-7FEF-66D4-33E2-3059BEF2970C}.Debug|Any CPU.ActiveCfg = Debug|Any CPU
		{D9630D08-7FEF-66D4-33E2-3059BEF2970C}.Debug|Any CPU.Build.0 = Debug|Any CPU
		{D9630D08-7FEF-66D4-33E2-3059BEF2970C}.Release|Any CPU.ActiveCfg = Release|Any CPU
		{D9630D08-7FEF-66D4-33E2-3059BEF2970C}.Release|Any CPU.Build.0 = Release|Any CPU
		{AC403B0D-D41A-B388-645D-6E3D74DF05F3}.Debug|Any CPU.ActiveCfg = Debug|Any CPU
		{AC403B0D-D41A-B388-645D-6E3D74DF05F3}.Debug|Any CPU.Build.0 = Debug|Any CPU
		{AC403B0D-D41A-B388-645D-6E3D74DF05F3}.Release|Any CPU.ActiveCfg = Release|Any CPU
		{AC403B0D-D41A-B388-645D-6E3D74DF05F3}.Release|Any CPU.Build.0 = Release|Any CPU
		{9ED083F7-3E02-8C23-AC99-7124829807F8}.Debug|Any CPU.ActiveCfg = Debug|Any CPU
		{9ED083F7-3E02-8C23-AC99-7124829807F8}.Debug|Any CPU.Build.0 = Debug|Any CPU
		{9ED083F7-3E02-8C23-AC99-7124829807F8}.Release|Any CPU.ActiveCfg = Release|Any CPU
		{9ED083F7-3E02-8C23-AC99-7124829807F8}.Release|Any CPU.Build.0 = Release|Any CPU
		{EA529C71-99D9-CFF6-4839-D3CEC20DF28E}.Debug|Any CPU.ActiveCfg = Debug|Any CPU
		{EA529C71-99D9-CFF6-4839-D3CEC20DF28E}.Debug|Any CPU.Build.0 = Debug|Any CPU
		{EA529C71-99D9-CFF6-4839-D3CEC20DF28E}.Release|Any CPU.ActiveCfg = Release|Any CPU
		{EA529C71-99D9-CFF6-4839-D3CEC20DF28E}.Release|Any CPU.Build.0 = Release|Any CPU
		{B8EA939D-573C-E318-5CF7-91B082730D27}.Debug|Any CPU.ActiveCfg = Debug|Any CPU
		{B8EA939D-573C-E318-5CF7-91B082730D27}.Debug|Any CPU.Build.0 = Debug|Any CPU
		{B8EA939D-573C-E318-5CF7-91B082730D27}.Release|Any CPU.ActiveCfg = Release|Any CPU
		{B8EA939D-573C-E318-5CF7-91B082730D27}.Release|Any CPU.Build.0 = Release|Any CPU
		{EC9425E9-F964-001F-891D-AAAEA0EE04DF}.Debug|Any CPU.ActiveCfg = Debug|Any CPU
		{EC9425E9-F964-001F-891D-AAAEA0EE04DF}.Debug|Any CPU.Build.0 = Debug|Any CPU
		{EC9425E9-F964-001F-891D-AAAEA0EE04DF}.Release|Any CPU.ActiveCfg = Release|Any CPU
		{EC9425E9-F964-001F-891D-AAAEA0EE04DF}.Release|Any CPU.Build.0 = Release|Any CPU
		{0A523FB0-0961-8DB1-C444-1CE62C7D0459}.Debug|Any CPU.ActiveCfg = Debug|Any CPU
		{0A523FB0-0961-8DB1-C444-1CE62C7D0459}.Debug|Any CPU.Build.0 = Debug|Any CPU
		{0A523FB0-0961-8DB1-C444-1CE62C7D0459}.Release|Any CPU.ActiveCfg = Release|Any CPU
		{0A523FB0-0961-8DB1-C444-1CE62C7D0459}.Release|Any CPU.Build.0 = Release|Any CPU
		{3694049D-0679-119C-3E8D-B9EEB98B21CD}.Debug|Any CPU.ActiveCfg = Debug|Any CPU
		{3694049D-0679-119C-3E8D-B9EEB98B21CD}.Debug|Any CPU.Build.0 = Debug|Any CPU
		{3694049D-0679-119C-3E8D-B9EEB98B21CD}.Release|Any CPU.ActiveCfg = Release|Any CPU
		{3694049D-0679-119C-3E8D-B9EEB98B21CD}.Release|Any CPU.Build.0 = Release|Any CPU
		{CEB50B70-12FD-8582-C5CC-FBCE3D1CCB5C}.Debug|Any CPU.ActiveCfg = Debug|Any CPU
		{CEB50B70-12FD-8582-C5CC-FBCE3D1CCB5C}.Debug|Any CPU.Build.0 = Debug|Any CPU
		{CEB50B70-12FD-8582-C5CC-FBCE3D1CCB5C}.Release|Any CPU.ActiveCfg = Release|Any CPU
		{CEB50B70-12FD-8582-C5CC-FBCE3D1CCB5C}.Release|Any CPU.Build.0 = Release|Any CPU
		{4206F498-78FF-E2D5-7BB9-84A5A5985C25}.Debug|Any CPU.ActiveCfg = Debug|Any CPU
		{4206F498-78FF-E2D5-7BB9-84A5A5985C25}.Debug|Any CPU.Build.0 = Debug|Any CPU
		{4206F498-78FF-E2D5-7BB9-84A5A5985C25}.Release|Any CPU.ActiveCfg = Release|Any CPU
		{4206F498-78FF-E2D5-7BB9-84A5A5985C25}.Release|Any CPU.Build.0 = Release|Any CPU
		{5E9429B2-FED7-3A39-02B7-D8E9B9F22DA4}.Debug|Any CPU.ActiveCfg = Debug|Any CPU
		{5E9429B2-FED7-3A39-02B7-D8E9B9F22DA4}.Debug|Any CPU.Build.0 = Debug|Any CPU
		{5E9429B2-FED7-3A39-02B7-D8E9B9F22DA4}.Release|Any CPU.ActiveCfg = Release|Any CPU
		{5E9429B2-FED7-3A39-02B7-D8E9B9F22DA4}.Release|Any CPU.Build.0 = Release|Any CPU
		{D458E781-FCA0-1ED9-C652-71F832416115}.Debug|Any CPU.ActiveCfg = Debug|Any CPU
		{D458E781-FCA0-1ED9-C652-71F832416115}.Debug|Any CPU.Build.0 = Debug|Any CPU
		{D458E781-FCA0-1ED9-C652-71F832416115}.Release|Any CPU.ActiveCfg = Release|Any CPU
		{D458E781-FCA0-1ED9-C652-71F832416115}.Release|Any CPU.Build.0 = Release|Any CPU
		{ED44BF03-13FF-4069-4714-D9B5D8F23344}.Debug|Any CPU.ActiveCfg = Debug|Any CPU
		{ED44BF03-13FF-4069-4714-D9B5D8F23344}.Debug|Any CPU.Build.0 = Debug|Any CPU
		{ED44BF03-13FF-4069-4714-D9B5D8F23344}.Release|Any CPU.ActiveCfg = Release|Any CPU
		{ED44BF03-13FF-4069-4714-D9B5D8F23344}.Release|Any CPU.Build.0 = Release|Any CPU
		{976B1D95-8EF8-1A28-2EC1-52FBED6E7BF1}.Debug|Any CPU.ActiveCfg = Debug|Any CPU
		{976B1D95-8EF8-1A28-2EC1-52FBED6E7BF1}.Debug|Any CPU.Build.0 = Debug|Any CPU
		{976B1D95-8EF8-1A28-2EC1-52FBED6E7BF1}.Release|Any CPU.ActiveCfg = Release|Any CPU
		{976B1D95-8EF8-1A28-2EC1-52FBED6E7BF1}.Release|Any CPU.Build.0 = Release|Any CPU
		{DA5CD882-3A28-181C-F46A-BB2B12D37E6A}.Debug|Any CPU.ActiveCfg = Debug|Any CPU
		{DA5CD882-3A28-181C-F46A-BB2B12D37E6A}.Debug|Any CPU.Build.0 = Debug|Any CPU
		{DA5CD882-3A28-181C-F46A-BB2B12D37E6A}.Release|Any CPU.ActiveCfg = Release|Any CPU
		{DA5CD882-3A28-181C-F46A-BB2B12D37E6A}.Release|Any CPU.Build.0 = Release|Any CPU
		{83AE4556-0526-546E-5CD0-9469BD8733F3}.Debug|Any CPU.ActiveCfg = Debug|Any CPU
		{83AE4556-0526-546E-5CD0-9469BD8733F3}.Debug|Any CPU.Build.0 = Debug|Any CPU
		{83AE4556-0526-546E-5CD0-9469BD8733F3}.Release|Any CPU.ActiveCfg = Release|Any CPU
		{83AE4556-0526-546E-5CD0-9469BD8733F3}.Release|Any CPU.Build.0 = Release|Any CPU
		{530A1166-56A6-36F5-904E-3DC06E77EF74}.Debug|Any CPU.ActiveCfg = Debug|Any CPU
		{530A1166-56A6-36F5-904E-3DC06E77EF74}.Debug|Any CPU.Build.0 = Debug|Any CPU
		{530A1166-56A6-36F5-904E-3DC06E77EF74}.Release|Any CPU.ActiveCfg = Release|Any CPU
		{530A1166-56A6-36F5-904E-3DC06E77EF74}.Release|Any CPU.Build.0 = Release|Any CPU
		{A096A769-A7BE-5BBE-A5A3-698C0623D538}.Debug|Any CPU.ActiveCfg = Debug|Any CPU
		{A096A769-A7BE-5BBE-A5A3-698C0623D538}.Debug|Any CPU.Build.0 = Debug|Any CPU
		{A096A769-A7BE-5BBE-A5A3-698C0623D538}.Release|Any CPU.ActiveCfg = Release|Any CPU
		{A096A769-A7BE-5BBE-A5A3-698C0623D538}.Release|Any CPU.Build.0 = Release|Any CPU
		{B9C6C430-FB9B-DC3E-459B-FF83D32F9D4F}.Debug|Any CPU.ActiveCfg = Debug|Any CPU
		{B9C6C430-FB9B-DC3E-459B-FF83D32F9D4F}.Debug|Any CPU.Build.0 = Debug|Any CPU
		{B9C6C430-FB9B-DC3E-459B-FF83D32F9D4F}.Release|Any CPU.ActiveCfg = Release|Any CPU
		{B9C6C430-FB9B-DC3E-459B-FF83D32F9D4F}.Release|Any CPU.Build.0 = Release|Any CPU
		{B3A17A02-CCEE-640E-B89A-9E5DB0F1F6B8}.Debug|Any CPU.ActiveCfg = Debug|Any CPU
		{B3A17A02-CCEE-640E-B89A-9E5DB0F1F6B8}.Debug|Any CPU.Build.0 = Debug|Any CPU
		{B3A17A02-CCEE-640E-B89A-9E5DB0F1F6B8}.Release|Any CPU.ActiveCfg = Release|Any CPU
		{B3A17A02-CCEE-640E-B89A-9E5DB0F1F6B8}.Release|Any CPU.Build.0 = Release|Any CPU
		{D3F61A60-8D9F-DC38-E483-89C793E019C0}.Debug|Any CPU.ActiveCfg = Debug|Any CPU
		{D3F61A60-8D9F-DC38-E483-89C793E019C0}.Debug|Any CPU.Build.0 = Debug|Any CPU
		{D3F61A60-8D9F-DC38-E483-89C793E019C0}.Release|Any CPU.ActiveCfg = Release|Any CPU
		{D3F61A60-8D9F-DC38-E483-89C793E019C0}.Release|Any CPU.Build.0 = Release|Any CPU
		{1C08F957-FEEF-84F5-D66A-C9E207E8346D}.Debug|Any CPU.ActiveCfg = Debug|Any CPU
		{1C08F957-FEEF-84F5-D66A-C9E207E8346D}.Debug|Any CPU.Build.0 = Debug|Any CPU
		{1C08F957-FEEF-84F5-D66A-C9E207E8346D}.Release|Any CPU.ActiveCfg = Release|Any CPU
		{1C08F957-FEEF-84F5-D66A-C9E207E8346D}.Release|Any CPU.Build.0 = Release|Any CPU
		{10ECC737-44DC-8E0B-86DF-4465D67BD70F}.Debug|Any CPU.ActiveCfg = Debug|Any CPU
		{10ECC737-44DC-8E0B-86DF-4465D67BD70F}.Debug|Any CPU.Build.0 = Debug|Any CPU
		{10ECC737-44DC-8E0B-86DF-4465D67BD70F}.Release|Any CPU.ActiveCfg = Release|Any CPU
		{10ECC737-44DC-8E0B-86DF-4465D67BD70F}.Release|Any CPU.Build.0 = Release|Any CPU
		{9A8E8E5A-5E59-B03B-71EE-0E08190AF0EF}.Debug|Any CPU.ActiveCfg = Debug|Any CPU
		{9A8E8E5A-5E59-B03B-71EE-0E08190AF0EF}.Debug|Any CPU.Build.0 = Debug|Any CPU
		{9A8E8E5A-5E59-B03B-71EE-0E08190AF0EF}.Release|Any CPU.ActiveCfg = Release|Any CPU
		{9A8E8E5A-5E59-B03B-71EE-0E08190AF0EF}.Release|Any CPU.Build.0 = Release|Any CPU
	EndGlobalSection
	GlobalSection(SolutionProperties) = preSolution
		HideSolutionNode = FALSE
	EndGlobalSection
EndGlobal
